{
  "pins" : [
    {
      "identity" : "partialsheet",
      "kind" : "remoteSourceControl",
      "location" : "https://github.com/AndreaMiotto/PartialSheet",
      "state" : {
        "revision" : "318f18bfabd2b2ddf785babd2e53bd593c00a254",
        "version" : "3.1.0"
      }
    },
    {
      "identity" : "swiftui-visual-effects",
      "kind" : "remoteSourceControl",
      "location" : "https://github.com/lucasbrown/swiftui-visual-effects",
      "state" : {
        "branch" : "master",
        "revision" : "b26f8cebd55ff60ed8953768aa818dfb005b5838"
      }
    }
  ],
  "version" : 2
}
